
Microsoft Visual Studio Solution File, Format Version 12.00
# Visual Studio Version 17
VisualStudioVersion = 17.5.002.0
MinimumVisualStudioVersion = 10.0.40219.1
Project("{9A19103F-16F7-4668-BE54-9A1E7A4F7556}") = "NumberConverter", "NumberConverter.csproj", "{00CA0F11-E349-4546-90AE-B87006D82352}"
EndProject
Global
	GlobalSection(SolutionConfigurationPlatforms) = preSolution
		Debug|Any CPU = Debug|Any CPU
		Release|Any CPU = Release|Any CPU
	EndGlobalSection
	GlobalSection(ProjectConfigurationPlatforms) = postSolution
		{00CA0F11-E349-4546-90AE-B87006D82352}.Debug|Any CPU.ActiveCfg = Debug|Any CPU
		{00CA0F11-E349-4546-90AE-B87006D82352}.Debug|Any CPU.Build.0 = Debug|Any CPU
		{00CA0F11-E349-4546-90AE-B87006D82352}.Release|Any CPU.ActiveCfg = Release|Any CPU
		{00CA0F11-E349-4546-90AE-B87006D82352}.Release|Any CPU.Build.0 = Release|Any CPU
	EndGlobalSection
	GlobalSection(SolutionProperties) = preSolution
		HideSolutionNode = FALSE
	EndGlobalSection
	GlobalSection(ExtensibilityGlobals) = postSolution
		SolutionGuid = {90554781-B356-460D-9335-B19FFE772D80}
	EndGlobalSection
EndGlobal
